
Microsoft Visual Studio Solution File, Format Version 12.00
# Visual Studio 15
VisualStudioVersion = 15.0.28307.106
MinimumVisualStudioVersion = 10.0.40219.1
Project("{9A19103F-16F7-4668-BE54-9A1E7A4F7556}") = "FlightsApi", "FlightsApi\FlightsApi.csproj", "{54E33156-2A14-453F-843D-02A587E405C8}"
EndProject
Project("{9A19103F-16F7-4668-BE54-9A1E7A4F7556}") = "FlightsApiTests", "FlightsApiTests\FlightsApiTests.csproj", "{7355F3F1-1FA3-48B7-BB84-1A8C2A5B1888}"
EndProject
Global
	GlobalSection(SolutionConfigurationPlatforms) = preSolution
		Debug|Any CPU = Debug|Any CPU
		Release|Any CPU = Release|Any CPU
	EndGlobalSection
	GlobalSection(ProjectConfigurationPlatforms) = postSolution
		{54E33156-2A14-453F-843D-02A587E405C8}.Debug|Any CPU.ActiveCfg = Debug|Any CPU
		{54E33156-2A14-453F-843D-02A587E405C8}.Debug|Any CPU.Build.0 = Debug|Any CPU
		{54E33156-2A14-453F-843D-02A587E405C8}.Release|Any CPU.ActiveCfg = Release|Any CPU
		{54E33156-2A14-453F-843D-02A587E405C8}.Release|Any CPU.Build.0 = Release|Any CPU
		{7355F3F1-1FA3-48B7-BB84-1A8C2A5B1888}.Debug|Any CPU.ActiveCfg = Debug|Any CPU
		{7355F3F1-1FA3-48B7-BB84-1A8C2A5B1888}.Debug|Any CPU.Build.0 = Debug|Any CPU
		{7355F3F1-1FA3-48B7-BB84-1A8C2A5B1888}.Release|Any CPU.ActiveCfg = Release|Any CPU
		{7355F3F1-1FA3-48B7-BB84-1A8C2A5B1888}.Release|Any CPU.Build.0 = Release|Any CPU
	EndGlobalSection
	GlobalSection(SolutionProperties) = preSolution
		HideSolutionNode = FALSE
	EndGlobalSection
	GlobalSection(ExtensibilityGlobals) = postSolution
		SolutionGuid = {24911101-590E-4692-A747-0B03CC87C397}
	EndGlobalSection
EndGlobal
